// !$*UTF8*$!
{
	archiveVersion = 1;
	classes = {
	};
	objectVersion = 50;
	objects = {

/* Begin PBXBuildFile section */
		9C71D5902092E90B005F34F0 /* AppDelegate.swift in Sources */ = {isa = PBXBuildFile; fileRef = 9C71D58F2092E90B005F34F0 /* AppDelegate.swift */; };
		9C71D5922092E90B005F34F0 /* ViewController.swift in Sources */ = {isa = PBXBuildFile; fileRef = 9C71D5912092E90B005F34F0 /* ViewController.swift */; };
		9C71D5952092E90B005F34F0 /* Main.storyboard in Resources */ = {isa = PBXBuildFile; fileRef = 9C71D5932092E90B005F34F0 /* Main.storyboard */; };
		9C71D5972092E90D005F34F0 /* Assets.xcassets in Resources */ = {isa = PBXBuildFile; fileRef = 9C71D5962092E90D005F34F0 /* Assets.xcassets */; };
		9C71D59A2092E90D005F34F0 /* LaunchScreen.storyboard in Resources */ = {isa = PBXBuildFile; fileRef = 9C71D5982092E90D005F34F0 /* LaunchScreen.storyboard */; };
		9C71D5A22092EF30005F34F0 /* CheckListForm.swift in Sources */ = {isa = PBXBuildFile; fileRef = 9C71D5A12092EF30005F34F0 /* CheckListForm.swift */; };
		9C71D5A42092EF5F005F34F0 /* CheckListCell.swift in Sources */ = {isa = PBXBuildFile; fileRef = 9C71D5A32092EF5F005F34F0 /* CheckListCell.swift */; };
		9C71D5A62092EF84005F34F0 /* Cellinfo.swift in Sources */ = {isa = PBXBuildFile; fileRef = 9C71D5A52092EF84005F34F0 /* Cellinfo.swift */; };
/* End PBXBuildFile section */

/* Begin PBXFileReference section */
		9C71D58C2092E90B005F34F0 /* TableViewBeta.app */ = {isa = PBXFileReference; explicitFileType = wrapper.application; includeInIndex = 0; path = TableViewBeta.app; sourceTree = BUILT_PRODUCTS_DIR; };
		9C71D58F2092E90B005F34F0 /* AppDelegate.swift */ = {isa = PBXFileReference; lastKnownFileType = sourcecode.swift; path = AppDelegate.swift; sourceTree = "<group>"; };
		9C71D5912092E90B005F34F0 /* ViewController.swift */ = {isa = PBXFileReference; lastKnownFileType = sourcecode.swift; path = ViewController.swift; sourceTree = "<group>"; };
		9C71D5942092E90B005F34F0 /* Base */ = {isa = PBXFileReference; lastKnownFileType = file.storyboard; name = Base; path = Base.lproj/Main.storyboard; sourceTree = "<group>"; };
		9C71D5962092E90D005F34F0 /* Assets.xcassets */ = {isa = PBXFileReference; lastKnownFileType = folder.assetcatalog; path = Assets.xcassets; sourceTree = "<group>"; };
		9C71D5992092E90D005F34F0 /* Base */ = {isa = PBXFileReference; lastKnownFileType = file.storyboard; name = Base; path = Base.lproj/LaunchScreen.storyboard; sourceTree = "<group>"; };
		9C71D59B2092E90D005F34F0 /* Info.plist */ = {isa = PBXFileReference; lastKnownFileType = text.plist.xml; path = Info.plist; sourceTree = "<group>"; };
		9C71D5A12092EF30005F34F0 /* CheckListForm.swift */ = {isa = PBXFileReference; lastKnownFileType = sourcecode.swift; path = CheckListForm.swift; sourceTree = "<group>"; };
		9C71D5A32092EF5F005F34F0 /* CheckListCell.swift */ = {isa = PBXFileReference; lastKnownFileType = sourcecode.swift; path = CheckListCell.swift; sourceTree = "<group>"; };
		9C71D5A52092EF84005F34F0 /* Cellinfo.swift */ = {isa = PBXFileReference; lastKnownFileType = sourcecode.swift; path = Cellinfo.swift; sourceTree = "<group>"; };
/* End PBXFileReference section */

/* Begin PBXFrameworksBuildPhase section */
		9C71D5892092E90B005F34F0 /* Frameworks */ = {
			isa = PBXFrameworksBuildPhase;
			buildActionMask = 2147483647;
			files = (
			);
			runOnlyForDeploymentPostprocessing = 0;
		};
/* End PBXFrameworksBuildPhase section */

/* Begin PBXGroup section */
		9C71D5832092E90B005F34F0 = {
			isa = PBXGroup;
			children = (
				9C71D58E2092E90B005F34F0 /* TableViewBeta */,
				9C71D58D2092E90B005F34F0 /* Products */,
			);
			sourceTree = "<group>";
		};
		9C71D58D2092E90B005F34F0 /* Products */ = {
			isa = PBXGroup;
			children = (
				9C71D58C2092E90B005F34F0 /* TableViewBeta.app */,
			);
			name = Products;
			sourceTree = "<group>";
		};
		9C71D58E2092E90B005F34F0 /* TableViewBeta */ = {
			isa = PBXGroup;
			children = (
				9C71D58F2092E90B005F34F0 /* AppDelegate.swift */,
				9C71D5912092E90B005F34F0 /* ViewController.swift */,
				9C71D5932092E90B005F34F0 /* Main.storyboard */,
				9C71D5A52092EF84005F34F0 /* Cellinfo.swift */,
				9C71D5A12092EF30005F34F0 /* CheckListForm.swift */,
				9C71D5A32092EF5F005F34F0 /* CheckListCell.swift */,
				9C71D5962092E90D005F34F0 /* Assets.xcassets */,
				9C71D5982092E90D005F34F0 /* LaunchScreen.storyboard */,
				9C71D59B2092E90D005F34F0 /* Info.plist */,
			);
			path = TableViewBeta;
			sourceTree = "<group>";
		};
/* End PBXGroup section */

/* Begin PBXNativeTarget section */
		9C71D58B2092E90B005F34F0 /* TableViewBeta */ = {
			isa = PBXNativeTarget;
			buildConfigurationList = 9C71D59E2092E90E005F34F0 /* Build configuration list for PBXNativeTarget "TableViewBeta" */;
			buildPhases = (
				9C71D5882092E90B005F34F0 /* Sources */,
				9C71D5892092E90B005F34F0 /* Frameworks */,
				9C71D58A2092E90B005F34F0 /* Resources */,
			);
			buildRules = (
			);
			dependencies = (
			);
			name = TableViewBeta;
			productName = TableViewBeta;
			productReference = 9C71D58C2092E90B005F34F0 /* TableViewBeta.app */;
			productType = "com.apple.product-type.application";
		};
/* End PBXNativeTarget section */

/* Begin PBXProject section */
		9C71D5842092E90B005F34F0 /* Project object */ = {
			isa = PBXProject;
			attributes = {
				LastSwiftUpdateCheck = 0930;
				LastUpgradeCheck = 0930;
				ORGANIZATIONNAME = ASURADA;
				TargetAttributes = {
					9C71D58B2092E90B005F34F0 = {
						CreatedOnToolsVersion = 9.3;
					};
				};
			};
			buildConfigurationList = 9C71D5872092E90B005F34F0 /* Build configuration list for PBXProject "TableViewBeta" */;
			compatibilityVersion = "Xcode 9.3";
			developmentRegion = en;
			hasScannedForEncodings = 0;
			knownRegions = (
				en,
				Base,
			);
			mainGroup = 9C71D5832092E90B005F34F0;
			productRefGroup = 9C71D58D2092E90B005F34F0 /* Products */;
			projectDirPath = "";
			projectRoot = "";
			targets = (
				9C71D58B2092E90B005F34F0 /* TableViewBeta */,
			);
		};
/* End PBXProject section */

/* Begin PBXResourcesBuildPhase section */
		9C71D58A2092E90B005F34F0 /* Resources */ = {
			isa = PBXResourcesBuildPhase;
			buildActionMask = 2147483647;
			files = (
				9C71D59A2092E90D005F34F0 /* LaunchScreen.storyboard in Resources */,
				9C71D5972092E90D005F34F0 /* Assets.xcassets in Resources */,
				9C71D5952092E90B005F34F0 /* Main.storyboard in Resources */,
			);
			runOnlyForDeploymentPostprocessing = 0;
		};
/* End PBXResourcesBuildPhase section */

/* Begin PBXSourcesBuildPhase section */
		9C71D5882092E90B005F34F0 /* Sources */ = {
			isa = PBXSourcesBuildPhase;
			buildActionMask = 2147483647;
			files = (
				9C71D5A42092EF5F005F34F0 /* CheckListCell.swift in Sources */,
				9C71D5A62092EF84005F34F0 /* Cellinfo.swift in Sources */,
				9C71D5A22092EF30005F34F0 /* CheckListForm.swift in Sources */,
				9C71D5922092E90B005F34F0 /* ViewController.swift in Sources */,
				9C71D5902092E90B005F34F0 /* AppDelegate.swift in Sources */,
			);
			runOnlyForDeploymentPostprocessing = 0;
		};
/* End PBXSourcesBuildPhase section */

/* Begin PBXVariantGroup section */
		9C71D5932092E90B005F34F0 /* Main.storyboard */ = {
			isa = PBXVariantGroup;
			children = (
				9C71D5942092E90B005F34F0 /* Base */,
			);
			name = Main.storyboard;
			sourceTree = "<group>";
		};
		9C71D5982092E90D005F34F0 /* LaunchScreen.storyboard */ = {
			isa = PBXVariantGroup;
			children = (
				9C71D5992092E90D005F34F0 /* Base */,
			);
			name = LaunchScreen.storyboard;
			sourceTree = "<group>";
		};
/* End PBXVariantGroup section */

/* Begin XCBuildConfiguration section */
		9C71D59C2092E90D005F34F0 /* Debug */ = {
			isa = XCBuildConfiguration;
			buildSettings = {
				ALWAYS_SEARCH_USER_PATHS = NO;
				CLANG_ANALYZER_NONNULL = YES;
				CLANG_ANALYZER_NUMBER_OBJECT_CONVERSION = YES_AGGRESSIVE;
				CLANG_CXX_LANGUAGE_STANDARD = "gnu++14";
				CLANG_CXX_LIBRARY = "libc++";
				CLANG_ENABLE_MODULES = YES;
				CLANG_ENABLE_OBJC_ARC = YES;
				CLANG_ENABLE_OBJC_WEAK = YES;
				CLANG_WARN_BLOCK_CAPTURE_AUTORELEASING = YES;
				CLANG_WARN_BOOL_CONVERSION = YES;
				CLANG_WARN_COMMA = YES;
				CLANG_WARN_CONSTANT_CONVERSION = YES;
				CLANG_WARN_DEPRECATED_OBJC_IMPLEMENTATIONS = YES;
				CLANG_WARN_DIRECT_OBJC_ISA_USAGE = YES_ERROR;
				CLANG_WARN_DOCUMENTATION_COMMENTS = YES;
				CLANG_WARN_EMPTY_BODY = YES;
				CLANG_WARN_ENUM_CONVERSION = YES;
				CLANG_WARN_INFINITE_RECURSION = YES;
				CLANG_WARN_INT_CONVERSION = YES;
				CLANG_WARN_NON_LITERAL_NULL_CONVERSION = YES;
				CLANG_WARN_OBJC_IMPLICIT_RETAIN_SELF = YES;
				CLANG_WARN_OBJC_LITERAL_CONVERSION = YES;
				CLANG_WARN_OBJC_ROOT_CLASS = YES_ERROR;
				CLANG_WARN_RANGE_LOOP_ANALYSIS = YES;
				CLANG_WARN_STRICT_PROTOTYPES = YES;
				CLANG_WARN_SUSPICIOUS_MOVE = YES;
				CLANG_WARN_UNGUARDED_AVAILABILITY = YES_AGGRESSIVE;
				CLANG_WARN_UNREACHABLE_CODE = YES;
				CLANG_WARN__DUPLICATE_METHOD_MATCH = YES;
				CODE_SIGN_IDENTITY = "iPhone Developer";
				COPY_PHASE_STRIP = NO;
				DEBUG_INFORMATION_FORMAT = dwarf;
				ENABLE_STRICT_OBJC_MSGSEND = YES;
				ENABLE_TESTABILITY = YES;
				GCC_C_LANGUAGE_STANDARD = gnu11;
				GCC_DYNAMIC_NO_PIC = NO;
				GCC_NO_COMMON_BLOCKS = YES;
				GCC_OPTIMIZATION_LEVEL = 0;
				GCC_PREPROCESSOR_DEFINITIONS = (
					"DEBUG=1",
					"$(inherited)",
				);
				GCC_WARN_64_TO_32_BIT_CONVERSION = YES;
				GCC_WARN_ABOUT_RETURN_TYPE = YES_ERROR;
				GCC_WARN_UNDECLARED_SELECTOR = YES;
				GCC_WARN_UNINITIALIZED_AUTOS = YES_AGGRESSIVE;
				GCC_WARN_UNUSED_FUNCTION = YES;
				GCC_WARN_UNUSED_VARIABLE = YES;
				IPHONEOS_DEPLOYMENT_TARGET = 11.3;
				MTL_ENABLE_DEBUG_INFO = YES;
				ONLY_ACTIVE_ARCH = YES;
				SDKROOT = iphoneos;
				SWIFT_ACTIVE_COMPILATION_CONDITIONS = DEBUG;
				SWIFT_OPTIMIZATION_LEVEL = "-Onone";
			};
			name = Debug;
		};
		9C71D59D2092E90D005F34F0 /* Release */ = {
			isa = XCBuildConfiguration;
			buildSettings = {
				ALWAYS_SEARCH_USER_PATHS = NO;
				CLANG_ANALYZER_NONNULL = YES;
				CLANG_ANALYZER_NUMBER_OBJECT_CONVERSION = YES_AGGRESSIVE;
				CLANG_CXX_LANGUAGE_STANDARD = "gnu++14";
				CLANG_CXX_LIBRARY = "libc++";
				CLANG_ENABLE_MODULES = YES;
				CLANG_ENABLE_OBJC_ARC = YES;
				CLANG_ENABLE_OBJC_WEAK = YES;
				CLANG_WARN_BLOCK_CAPTURE_AUTORELEASING = YES;
				CLANG_WARN_BOOL_CONVERSION = YES;
				CLANG_WARN_COMMA = YES;
				CLANG_WARN_CONSTANT_CONVERSION = YES;
				CLANG_WARN_DEPRECATED_OBJC_IMPLEMENTATIONS = YES;
				CLANG_WARN_DIRECT_OBJC_ISA_USAGE = YES_ERROR;
				CLANG_WARN_DOCUMENTATION_COMMENTS = YES;
				CLANG_WARN_EMPTY_BODY = YES;
				CLANG_WARN_ENUM_CONVERSION = YES;
				CLANG_WARN_INFINITE_RECURSION = YES;
				CLANG_WARN_INT_CONVERSION = YES;
				CLANG_WARN_NON_LITERAL_NULL_CONVERSION = YES;
				CLANG_WARN_OBJC_IMPLICIT_RETAIN_SELF = YES;
				CLANG_WARN_OBJC_LITERAL_CONVERSION = YES;
				CLANG_WARN_OBJC_ROOT_CLASS = YES_ERROR;
				CLANG_WARN_RANGE_LOOP_ANALYSIS = YES;
				CLANG_WARN_STRICT_PROTOTYPES = YES;
				CLANG_WARN_SUSPICIOUS_MOVE = YES;
				CLANG_WARN_UNGUARDED_AVAILABILITY = YES_AGGRESSIVE;
				CLANG_WARN_UNREACHABLE_CODE = YES;
				CLANG_WARN__DUPLICATE_METHOD_MATCH = YES;
				CODE_SIGN_IDENTITY = "iPhone Developer";
				COPY_PHASE_STRIP = NO;
				DEBUG_INFORMATION_FORMAT = "dwarf-with-dsym";
				ENABLE_NS_ASSERTIONS = NO;
				ENABLE_STRICT_OBJC_MSGSEND = YES;
				GCC_C_LANGUAGE_STANDARD = gnu11;
				GCC_NO_COMMON_BLOCKS = YES;
				GCC_WARN_64_TO_32_BIT_CONVERSION = YES;
				GCC_WARN_ABOUT_RETURN_TYPE = YES_ERROR;
				GCC_WARN_UNDECLARED_SELECTOR = YES;
				GCC_WARN_UNINITIALIZED_AUTOS = YES_AGGRESSIVE;
				GCC_WARN_UNUSED_FUNCTION = YES;
				GCC_WARN_UNUSED_VARIABLE = YES;
				IPHONEOS_DEPLOYMENT_TARGET = 11.3;
				MTL_ENABLE_DEBUG_INFO = NO;
				SDKROOT = iphoneos;
				SWIFT_COMPILATION_MODE = wholemodule;
				SWIFT_OPTIMIZATION_LEVEL = "-O";
				VALIDATE_PRODUCT = YES;
			};
			name = Release;
		};
		9C71D59F2092E90E005F34F0 /* Debug */ = {
			isa = XCBuildConfiguration;
			buildSettings = {
				ASSETCATALOG_COMPILER_APPICON_NAME = AppIcon;
				CODE_SIGN_STYLE = Automatic;
				INFOPLIST_FILE = TableViewBeta/Info.plist;
				LD_RUNPATH_SEARCH_PATHS = (
					"$(inherited)",
					"@executable_path/Frameworks",
				);
				PRODUCT_BUNDLE_IDENTIFIER = com.TableViewBeta;
				PRODUCT_NAME = "$(TARGET_NAME)";
				SWIFT_VERSION = 4.0;
				TARGETED_DEVICE_FAMILY = "1,2";
			};
			name = Debug;
		};
		9C71D5A02092E90E005F34F0 /* Release */ = {
			isa = XCBuildConfiguration;
			buildSettings = {
				ASSETCATALOG_COMPILER_APPICON_NAME = AppIcon;
				CODE_SIGN_STYLE = Automatic;
				INFOPLIST_FILE = TableViewBeta/Info.plist;
				LD_RUNPATH_SEARCH_PATHS = (
					"$(inherited)",
					"@executable_path/Frameworks",
				);
				PRODUCT_BUNDLE_IDENTIFIER = com.TableViewBeta;
				PRODUCT_NAME = "$(TARGET_NAME)";
				SWIFT_VERSION = 4.0;
				TARGETED_DEVICE_FAMILY = "1,2";
			};
			name = Release;
		};
/* End XCBuildConfiguration section */

/* Begin XCConfigurationList section */
		9C71D5872092E90B005F34F0 /* Build configuration list for PBXProject "TableViewBeta" */ = {
			isa = XCConfigurationList;
			buildConfigurations = (
				9C71D59C2092E90D005F34F0 /* Debug */,
				9C71D59D2092E90D005F34F0 /* Release */,
			);
			defaultConfigurationIsVisible = 0;
			defaultConfigurationName = Release;
		};
		9C71D59E2092E90E005F34F0 /* Build configuration list for PBXNativeTarget "TableViewBeta" */ = {
			isa = XCConfigurationList;
			buildConfigurations = (
				9C71D59F2092E90E005F34F0 /* Debug */,
				9C71D5A02092E90E005F34F0 /* Release */,
			);
			defaultConfigurationIsVisible = 0;
			defaultConfigurationName = Release;
		};
/* End XCConfigurationList section */
	};
	rootObject = 9C71D5842092E90B005F34F0 /* Project object */;
}
