// !$*UTF8*$!
{
	archiveVersion = 1;
	classes = {
	};
	objectVersion = 50;
	objects = {

/* Begin PBXBuildFile section */
		9C37FF81208B3FFD003D744F /* AppDelegate.swift in Sources */ = {isa = PBXBuildFile; fileRef = 9C37FF80208B3FFD003D744F /* AppDelegate.swift */; };
		9C37FF83208B3FFD003D744F /* ViewController.swift in Sources */ = {isa = PBXBuildFile; fileRef = 9C37FF82208B3FFD003D744F /* ViewController.swift */; };
		9C37FF86208B3FFD003D744F /* Main.storyboard in Resources */ = {isa = PBXBuildFile; fileRef = 9C37FF84208B3FFD003D744F /* Main.storyboard */; };
		9C37FF88208B3FFF003D744F /* Assets.xcassets in Resources */ = {isa = PBXBuildFile; fileRef = 9C37FF87208B3FFF003D744F /* Assets.xcassets */; };
		9C37FF8B208B3FFF003D744F /* LaunchScreen.storyboard in Resources */ = {isa = PBXBuildFile; fileRef = 9C37FF89208B3FFF003D744F /* LaunchScreen.storyboard */; };
		9C37FF96208B459E003D744F /* Seascape.mov in Resources */ = {isa = PBXBuildFile; fileRef = 9C37FF94208B459E003D744F /* Seascape.mov */; };
		9C37FF97208B459E003D744F /* Mountaineering.mov in Resources */ = {isa = PBXBuildFile; fileRef = 9C37FF95208B459E003D744F /* Mountaineering.mov */; };
/* End PBXBuildFile section */

/* Begin PBXFileReference section */
		9C37FF7D208B3FFD003D744F /* doitswift_14.app */ = {isa = PBXFileReference; explicitFileType = wrapper.application; includeInIndex = 0; path = doitswift_14.app; sourceTree = BUILT_PRODUCTS_DIR; };
		9C37FF80208B3FFD003D744F /* AppDelegate.swift */ = {isa = PBXFileReference; lastKnownFileType = sourcecode.swift; path = AppDelegate.swift; sourceTree = "<group>"; };
		9C37FF82208B3FFD003D744F /* ViewController.swift */ = {isa = PBXFileReference; lastKnownFileType = sourcecode.swift; path = ViewController.swift; sourceTree = "<group>"; };
		9C37FF85208B3FFD003D744F /* Base */ = {isa = PBXFileReference; lastKnownFileType = file.storyboard; name = Base; path = Base.lproj/Main.storyboard; sourceTree = "<group>"; };
		9C37FF87208B3FFF003D744F /* Assets.xcassets */ = {isa = PBXFileReference; lastKnownFileType = folder.assetcatalog; path = Assets.xcassets; sourceTree = "<group>"; };
		9C37FF8A208B3FFF003D744F /* Base */ = {isa = PBXFileReference; lastKnownFileType = file.storyboard; name = Base; path = Base.lproj/LaunchScreen.storyboard; sourceTree = "<group>"; };
		9C37FF8C208B3FFF003D744F /* Info.plist */ = {isa = PBXFileReference; lastKnownFileType = text.plist.xml; path = Info.plist; sourceTree = "<group>"; };
		9C37FF92208B4043003D744F /* Fireworks.mp4 */ = {isa = PBXFileReference; lastKnownFileType = file; path = Fireworks.mp4; sourceTree = "<group>"; };
		9C37FF94208B459E003D744F /* Seascape.mov */ = {isa = PBXFileReference; lastKnownFileType = video.quicktime; path = Seascape.mov; sourceTree = "<group>"; };
		9C37FF95208B459E003D744F /* Mountaineering.mov */ = {isa = PBXFileReference; lastKnownFileType = video.quicktime; path = Mountaineering.mov; sourceTree = "<group>"; };
		9C3934AF208F3319000F2C41 /* FastTyping.mp4 */ = {isa = PBXFileReference; lastKnownFileType = file; path = FastTyping.mp4; sourceTree = "<group>"; };
/* End PBXFileReference section */

/* Begin PBXFrameworksBuildPhase section */
		9C37FF7A208B3FFD003D744F /* Frameworks */ = {
			isa = PBXFrameworksBuildPhase;
			buildActionMask = 2147483647;
			files = (
			);
			runOnlyForDeploymentPostprocessing = 0;
		};
/* End PBXFrameworksBuildPhase section */

/* Begin PBXGroup section */
		9C37FF74208B3FFD003D744F = {
			isa = PBXGroup;
			children = (
				9C37FF7F208B3FFD003D744F /* doitswift_14 */,
				9C37FF7E208B3FFD003D744F /* Products */,
			);
			sourceTree = "<group>";
		};
		9C37FF7E208B3FFD003D744F /* Products */ = {
			isa = PBXGroup;
			children = (
				9C37FF7D208B3FFD003D744F /* doitswift_14.app */,
			);
			name = Products;
			sourceTree = "<group>";
		};
		9C37FF7F208B3FFD003D744F /* doitswift_14 */ = {
			isa = PBXGroup;
			children = (
				9C37FF80208B3FFD003D744F /* AppDelegate.swift */,
				9C37FF82208B3FFD003D744F /* ViewController.swift */,
				9C3934AF208F3319000F2C41 /* FastTyping.mp4 */,
				9C37FF92208B4043003D744F /* Fireworks.mp4 */,
				9C37FF95208B459E003D744F /* Mountaineering.mov */,
				9C37FF94208B459E003D744F /* Seascape.mov */,
				9C37FF84208B3FFD003D744F /* Main.storyboard */,
				9C37FF87208B3FFF003D744F /* Assets.xcassets */,
				9C37FF89208B3FFF003D744F /* LaunchScreen.storyboard */,
				9C37FF8C208B3FFF003D744F /* Info.plist */,
			);
			path = doitswift_14;
			sourceTree = "<group>";
		};
/* End PBXGroup section */

/* Begin PBXNativeTarget section */
		9C37FF7C208B3FFD003D744F /* doitswift_14 */ = {
			isa = PBXNativeTarget;
			buildConfigurationList = 9C37FF8F208B3FFF003D744F /* Build configuration list for PBXNativeTarget "doitswift_14" */;
			buildPhases = (
				9C37FF79208B3FFD003D744F /* Sources */,
				9C37FF7A208B3FFD003D744F /* Frameworks */,
				9C37FF7B208B3FFD003D744F /* Resources */,
			);
			buildRules = (
			);
			dependencies = (
			);
			name = doitswift_14;
			productName = doitswift_14;
			productReference = 9C37FF7D208B3FFD003D744F /* doitswift_14.app */;
			productType = "com.apple.product-type.application";
		};
/* End PBXNativeTarget section */

/* Begin PBXProject section */
		9C37FF75208B3FFD003D744F /* Project object */ = {
			isa = PBXProject;
			attributes = {
				LastSwiftUpdateCheck = 0930;
				LastUpgradeCheck = 0930;
				ORGANIZATIONNAME = ASURADA;
				TargetAttributes = {
					9C37FF7C208B3FFD003D744F = {
						CreatedOnToolsVersion = 9.3;
					};
				};
			};
			buildConfigurationList = 9C37FF78208B3FFD003D744F /* Build configuration list for PBXProject "doitswift_14" */;
			compatibilityVersion = "Xcode 9.3";
			developmentRegion = en;
			hasScannedForEncodings = 0;
			knownRegions = (
				en,
				Base,
			);
			mainGroup = 9C37FF74208B3FFD003D744F;
			productRefGroup = 9C37FF7E208B3FFD003D744F /* Products */;
			projectDirPath = "";
			projectRoot = "";
			targets = (
				9C37FF7C208B3FFD003D744F /* doitswift_14 */,
			);
		};
/* End PBXProject section */

/* Begin PBXResourcesBuildPhase section */
		9C37FF7B208B3FFD003D744F /* Resources */ = {
			isa = PBXResourcesBuildPhase;
			buildActionMask = 2147483647;
			files = (
				9C37FF8B208B3FFF003D744F /* LaunchScreen.storyboard in Resources */,
				9C37FF96208B459E003D744F /* Seascape.mov in Resources */,
				9C37FF97208B459E003D744F /* Mountaineering.mov in Resources */,
				9C37FF88208B3FFF003D744F /* Assets.xcassets in Resources */,
				9C37FF86208B3FFD003D744F /* Main.storyboard in Resources */,
			);
			runOnlyForDeploymentPostprocessing = 0;
		};
/* End PBXResourcesBuildPhase section */

/* Begin PBXSourcesBuildPhase section */
		9C37FF79208B3FFD003D744F /* Sources */ = {
			isa = PBXSourcesBuildPhase;
			buildActionMask = 2147483647;
			files = (
				9C37FF83208B3FFD003D744F /* ViewController.swift in Sources */,
				9C37FF81208B3FFD003D744F /* AppDelegate.swift in Sources */,
			);
			runOnlyForDeploymentPostprocessing = 0;
		};
/* End PBXSourcesBuildPhase section */

/* Begin PBXVariantGroup section */
		9C37FF84208B3FFD003D744F /* Main.storyboard */ = {
			isa = PBXVariantGroup;
			children = (
				9C37FF85208B3FFD003D744F /* Base */,
			);
			name = Main.storyboard;
			sourceTree = "<group>";
		};
		9C37FF89208B3FFF003D744F /* LaunchScreen.storyboard */ = {
			isa = PBXVariantGroup;
			children = (
				9C37FF8A208B3FFF003D744F /* Base */,
			);
			name = LaunchScreen.storyboard;
			sourceTree = "<group>";
		};
/* End PBXVariantGroup section */

/* Begin XCBuildConfiguration section */
		9C37FF8D208B3FFF003D744F /* Debug */ = {
			isa = XCBuildConfiguration;
			buildSettings = {
				ALWAYS_SEARCH_USER_PATHS = NO;
				CLANG_ANALYZER_NONNULL = YES;
				CLANG_ANALYZER_NUMBER_OBJECT_CONVERSION = YES_AGGRESSIVE;
				CLANG_CXX_LANGUAGE_STANDARD = "gnu++14";
				CLANG_CXX_LIBRARY = "libc++";
				CLANG_ENABLE_MODULES = YES;
				CLANG_ENABLE_OBJC_ARC = YES;
				CLANG_ENABLE_OBJC_WEAK = YES;
				CLANG_WARN_BLOCK_CAPTURE_AUTORELEASING = YES;
				CLANG_WARN_BOOL_CONVERSION = YES;
				CLANG_WARN_COMMA = YES;
				CLANG_WARN_CONSTANT_CONVERSION = YES;
				CLANG_WARN_DEPRECATED_OBJC_IMPLEMENTATIONS = YES;
				CLANG_WARN_DIRECT_OBJC_ISA_USAGE = YES_ERROR;
				CLANG_WARN_DOCUMENTATION_COMMENTS = YES;
				CLANG_WARN_EMPTY_BODY = YES;
				CLANG_WARN_ENUM_CONVERSION = YES;
				CLANG_WARN_INFINITE_RECURSION = YES;
				CLANG_WARN_INT_CONVERSION = YES;
				CLANG_WARN_NON_LITERAL_NULL_CONVERSION = YES;
				CLANG_WARN_OBJC_IMPLICIT_RETAIN_SELF = YES;
				CLANG_WARN_OBJC_LITERAL_CONVERSION = YES;
				CLANG_WARN_OBJC_ROOT_CLASS = YES_ERROR;
				CLANG_WARN_RANGE_LOOP_ANALYSIS = YES;
				CLANG_WARN_STRICT_PROTOTYPES = YES;
				CLANG_WARN_SUSPICIOUS_MOVE = YES;
				CLANG_WARN_UNGUARDED_AVAILABILITY = YES_AGGRESSIVE;
				CLANG_WARN_UNREACHABLE_CODE = YES;
				CLANG_WARN__DUPLICATE_METHOD_MATCH = YES;
				CODE_SIGN_IDENTITY = "iPhone Developer";
				COPY_PHASE_STRIP = NO;
				DEBUG_INFORMATION_FORMAT = dwarf;
				ENABLE_STRICT_OBJC_MSGSEND = YES;
				ENABLE_TESTABILITY = YES;
				GCC_C_LANGUAGE_STANDARD = gnu11;
				GCC_DYNAMIC_NO_PIC = NO;
				GCC_NO_COMMON_BLOCKS = YES;
				GCC_OPTIMIZATION_LEVEL = 0;
				GCC_PREPROCESSOR_DEFINITIONS = (
					"DEBUG=1",
					"$(inherited)",
				);
				GCC_WARN_64_TO_32_BIT_CONVERSION = YES;
				GCC_WARN_ABOUT_RETURN_TYPE = YES_ERROR;
				GCC_WARN_UNDECLARED_SELECTOR = YES;
				GCC_WARN_UNINITIALIZED_AUTOS = YES_AGGRESSIVE;
				GCC_WARN_UNUSED_FUNCTION = YES;
				GCC_WARN_UNUSED_VARIABLE = YES;
				IPHONEOS_DEPLOYMENT_TARGET = 11.3;
				MTL_ENABLE_DEBUG_INFO = YES;
				ONLY_ACTIVE_ARCH = YES;
				SDKROOT = iphoneos;
				SWIFT_ACTIVE_COMPILATION_CONDITIONS = DEBUG;
				SWIFT_OPTIMIZATION_LEVEL = "-Onone";
			};
			name = Debug;
		};
		9C37FF8E208B3FFF003D744F /* Release */ = {
			isa = XCBuildConfiguration;
			buildSettings = {
				ALWAYS_SEARCH_USER_PATHS = NO;
				CLANG_ANALYZER_NONNULL = YES;
				CLANG_ANALYZER_NUMBER_OBJECT_CONVERSION = YES_AGGRESSIVE;
				CLANG_CXX_LANGUAGE_STANDARD = "gnu++14";
				CLANG_CXX_LIBRARY = "libc++";
				CLANG_ENABLE_MODULES = YES;
				CLANG_ENABLE_OBJC_ARC = YES;
				CLANG_ENABLE_OBJC_WEAK = YES;
				CLANG_WARN_BLOCK_CAPTURE_AUTORELEASING = YES;
				CLANG_WARN_BOOL_CONVERSION = YES;
				CLANG_WARN_COMMA = YES;
				CLANG_WARN_CONSTANT_CONVERSION = YES;
				CLANG_WARN_DEPRECATED_OBJC_IMPLEMENTATIONS = YES;
				CLANG_WARN_DIRECT_OBJC_ISA_USAGE = YES_ERROR;
				CLANG_WARN_DOCUMENTATION_COMMENTS = YES;
				CLANG_WARN_EMPTY_BODY = YES;
				CLANG_WARN_ENUM_CONVERSION = YES;
				CLANG_WARN_INFINITE_RECURSION = YES;
				CLANG_WARN_INT_CONVERSION = YES;
				CLANG_WARN_NON_LITERAL_NULL_CONVERSION = YES;
				CLANG_WARN_OBJC_IMPLICIT_RETAIN_SELF = YES;
				CLANG_WARN_OBJC_LITERAL_CONVERSION = YES;
				CLANG_WARN_OBJC_ROOT_CLASS = YES_ERROR;
				CLANG_WARN_RANGE_LOOP_ANALYSIS = YES;
				CLANG_WARN_STRICT_PROTOTYPES = YES;
				CLANG_WARN_SUSPICIOUS_MOVE = YES;
				CLANG_WARN_UNGUARDED_AVAILABILITY = YES_AGGRESSIVE;
				CLANG_WARN_UNREACHABLE_CODE = YES;
				CLANG_WARN__DUPLICATE_METHOD_MATCH = YES;
				CODE_SIGN_IDENTITY = "iPhone Developer";
				COPY_PHASE_STRIP = NO;
				DEBUG_INFORMATION_FORMAT = "dwarf-with-dsym";
				ENABLE_NS_ASSERTIONS = NO;
				ENABLE_STRICT_OBJC_MSGSEND = YES;
				GCC_C_LANGUAGE_STANDARD = gnu11;
				GCC_NO_COMMON_BLOCKS = YES;
				GCC_WARN_64_TO_32_BIT_CONVERSION = YES;
				GCC_WARN_ABOUT_RETURN_TYPE = YES_ERROR;
				GCC_WARN_UNDECLARED_SELECTOR = YES;
				GCC_WARN_UNINITIALIZED_AUTOS = YES_AGGRESSIVE;
				GCC_WARN_UNUSED_FUNCTION = YES;
				GCC_WARN_UNUSED_VARIABLE = YES;
				IPHONEOS_DEPLOYMENT_TARGET = 11.3;
				MTL_ENABLE_DEBUG_INFO = NO;
				SDKROOT = iphoneos;
				SWIFT_COMPILATION_MODE = wholemodule;
				SWIFT_OPTIMIZATION_LEVEL = "-O";
				VALIDATE_PRODUCT = YES;
			};
			name = Release;
		};
		9C37FF90208B3FFF003D744F /* Debug */ = {
			isa = XCBuildConfiguration;
			buildSettings = {
				ASSETCATALOG_COMPILER_APPICON_NAME = AppIcon;
				CODE_SIGN_STYLE = Automatic;
				INFOPLIST_FILE = doitswift_14/Info.plist;
				LD_RUNPATH_SEARCH_PATHS = (
					"$(inherited)",
					"@executable_path/Frameworks",
				);
				PRODUCT_BUNDLE_IDENTIFIER = "com.doitswift-14";
				PRODUCT_NAME = "$(TARGET_NAME)";
				SWIFT_VERSION = 4.0;
				TARGETED_DEVICE_FAMILY = "1,2";
			};
			name = Debug;
		};
		9C37FF91208B3FFF003D744F /* Release */ = {
			isa = XCBuildConfiguration;
			buildSettings = {
				ASSETCATALOG_COMPILER_APPICON_NAME = AppIcon;
				CODE_SIGN_STYLE = Automatic;
				INFOPLIST_FILE = doitswift_14/Info.plist;
				LD_RUNPATH_SEARCH_PATHS = (
					"$(inherited)",
					"@executable_path/Frameworks",
				);
				PRODUCT_BUNDLE_IDENTIFIER = "com.doitswift-14";
				PRODUCT_NAME = "$(TARGET_NAME)";
				SWIFT_VERSION = 4.0;
				TARGETED_DEVICE_FAMILY = "1,2";
			};
			name = Release;
		};
/* End XCBuildConfiguration section */

/* Begin XCConfigurationList section */
		9C37FF78208B3FFD003D744F /* Build configuration list for PBXProject "doitswift_14" */ = {
			isa = XCConfigurationList;
			buildConfigurations = (
				9C37FF8D208B3FFF003D744F /* Debug */,
				9C37FF8E208B3FFF003D744F /* Release */,
			);
			defaultConfigurationIsVisible = 0;
			defaultConfigurationName = Release;
		};
		9C37FF8F208B3FFF003D744F /* Build configuration list for PBXNativeTarget "doitswift_14" */ = {
			isa = XCConfigurationList;
			buildConfigurations = (
				9C37FF90208B3FFF003D744F /* Debug */,
				9C37FF91208B3FFF003D744F /* Release */,
			);
			defaultConfigurationIsVisible = 0;
			defaultConfigurationName = Release;
		};
/* End XCConfigurationList section */
	};
	rootObject = 9C37FF75208B3FFD003D744F /* Project object */;
}
